// !$*UTF8*$!
{
	archiveVersion = 1;
	classes = {
	};
	objectVersion = 46;
	objects = {

/* Begin PBXFileReference section */
		9DEE9C261B569637003E353E /* main.c */ = {isa = PBXFileReference; lastKnownFileType = sourcecode.c.c; path = main.c; sourceTree = "<group>"; };
		9DEE9C271B569637003E353E /* Makefile */ = {isa = PBXFileReference; lastKnownFileType = sourcecode.make; path = Makefile; sourceTree = "<group>"; };
		9DEE9C291B569637003E353E /* AppleCommander.jar */ = {isa = PBXFileReference; lastKnownFileType = archive.jar; name = AppleCommander.jar; path = make/AppleCommander.jar; sourceTree = "<group>"; };
		9DEE9C2A1B569637003E353E /* createDiskImage */ = {isa = PBXFileReference; lastKnownFileType = text.script.sh; name = createDiskImage; path = make/createDiskImage; sourceTree = "<group>"; };
		9DEE9C2B1B569637003E353E /* DevApple.vii */ = {isa = PBXFileReference; lastKnownFileType = file.bplist; name = DevApple.vii; path = make/DevApple.vii; sourceTree = "<group>"; };
		9DEE9C2C1B569637003E353E /* dos33_template.dsk */ = {isa = PBXFileReference; lastKnownFileType = file; name = dos33_template.dsk; path = make/dos33_template.dsk; sourceTree = "<group>"; };
		9DEE9C2D1B569637003E353E /* head.mk */ = {isa = PBXFileReference; lastKnownFileType = text; name = head.mk; path = make/head.mk; sourceTree = "<group>"; };
		9DEE9C2E1B569637003E353E /* prodos_template.dsk */ = {isa = PBXFileReference; lastKnownFileType = file; name = prodos_template.dsk; path = make/prodos_template.dsk; sourceTree = "<group>"; };
		9DEE9C2F1B569637003E353E /* tail.mk */ = {isa = PBXFileReference; lastKnownFileType = text; name = tail.mk; path = make/tail.mk; sourceTree = "<group>"; };
		9DEE9C301B569638003E353E /* V2Make.scpt */ = {isa = PBXFileReference; lastKnownFileType = file; name = V2Make.scpt; path = make/V2Make.scpt; sourceTree = "<group>"; };
		9DEE9C361B569717003E353E /* puzzles.c */ = {isa = PBXFileReference; lastKnownFileType = sourcecode.c.c; path = puzzles.c; sourceTree = "<group>"; };
		9DEE9C371B569717003E353E /* puzzles.h */ = {isa = PBXFileReference; lastKnownFileType = sourcecode.c.h; path = puzzles.h; sourceTree = "<group>"; };
		9DEE9C381B56979C003E353E /* game.c */ = {isa = PBXFileReference; lastKnownFileType = sourcecode.c.c; path = game.c; sourceTree = "<group>"; };
		9DEE9C391B56979C003E353E /* game.h */ = {isa = PBXFileReference; lastKnownFileType = sourcecode.c.h; path = game.h; sourceTree = "<group>"; };
		9DEE9C3A1B56CFC0003E353E /* ui.c */ = {isa = PBXFileReference; lastKnownFileType = sourcecode.c.c; path = ui.c; sourceTree = "<group>"; };
		9DEE9C3B1B56CFC0003E353E /* ui.h */ = {isa = PBXFileReference; lastKnownFileType = sourcecode.c.h; path = ui.h; sourceTree = "<group>"; };
		9DEE9C3C1B570AED003E353E /* a2e.hi.s */ = {isa = PBXFileReference; lastKnownFileType = sourcecode.asm; path = a2e.hi.s; sourceTree = "<group>"; };
		9DEE9C3D1B582C3A003E353E /* generateSudoku.pl */ = {isa = PBXFileReference; lastKnownFileType = text.script.perl; path = generateSudoku.pl; sourceTree = "<group>"; };
		9DEE9C3E1B5837B0003E353E /* easy.puzzles */ = {isa = PBXFileReference; lastKnownFileType = file; path = easy.puzzles; sourceTree = "<group>"; };
		9DEE9C3F1B5837B0003E353E /* hard.puzzles */ = {isa = PBXFileReference; lastKnownFileType = file; path = hard.puzzles; sourceTree = "<group>"; };
		9DEE9C401B5837B0003E353E /* medium.puzzles */ = {isa = PBXFileReference; lastKnownFileType = file; path = medium.puzzles; sourceTree = "<group>"; };
		9DEE9C411B583FE4003E353E /* puzzles.txt */ = {isa = PBXFileReference; lastKnownFileType = text; path = puzzles.txt; sourceTree = "<group>"; };
		9DEE9C431B588B93003E353E /* README.md */ = {isa = PBXFileReference; fileEncoding = 4; lastKnownFileType = net.daringfireball.markdown; path = README.md; sourceTree = "<group>"; };
/* End PBXFileReference section */

/* Begin PBXGroup section */
		9DEE9C1F1B569637003E353E = {
			isa = PBXGroup;
			children = (
				9DEE9C431B588B93003E353E /* README.md */,
				9DEE9C251B569637003E353E /* a2sudoku */,
			);
			sourceTree = "<group>";
		};
		9DEE9C251B569637003E353E /* a2sudoku */ = {
			isa = PBXGroup;
			children = (
				9DEE9C261B569637003E353E /* main.c */,
				9DEE9C361B569717003E353E /* puzzles.c */,
				9DEE9C371B569717003E353E /* puzzles.h */,
				9DEE9C381B56979C003E353E /* game.c */,
				9DEE9C391B56979C003E353E /* game.h */,
				9DEE9C3A1B56CFC0003E353E /* ui.c */,
				9DEE9C3B1B56CFC0003E353E /* ui.h */,
				9DEE9C3C1B570AED003E353E /* a2e.hi.s */,
				9DEE9C421B583FEF003E353E /* Puzzles */,
				9DEE9C271B569637003E353E /* Makefile */,
				9DEE9C281B569637003E353E /* make */,
			);
			path = a2sudoku;
			sourceTree = "<group>";
		};
		9DEE9C281B569637003E353E /* make */ = {
			isa = PBXGroup;
			children = (
				9DEE9C291B569637003E353E /* AppleCommander.jar */,
				9DEE9C2A1B569637003E353E /* createDiskImage */,
				9DEE9C2B1B569637003E353E /* DevApple.vii */,
				9DEE9C2C1B569637003E353E /* dos33_template.dsk */,
				9DEE9C2D1B569637003E353E /* head.mk */,
				9DEE9C2E1B569637003E353E /* prodos_template.dsk */,
				9DEE9C2F1B569637003E353E /* tail.mk */,
				9DEE9C301B569638003E353E /* V2Make.scpt */,
			);
			name = make;
			sourceTree = "<group>";
		};
		9DEE9C421B583FEF003E353E /* Puzzles */ = {
			isa = PBXGroup;
			children = (
				9DEE9C411B583FE4003E353E /* puzzles.txt */,
				9DEE9C3E1B5837B0003E353E /* easy.puzzles */,
				9DEE9C3F1B5837B0003E353E /* hard.puzzles */,
				9DEE9C401B5837B0003E353E /* medium.puzzles */,
				9DEE9C3D1B582C3A003E353E /* generateSudoku.pl */,
			);
			name = Puzzles;
			sourceTree = "<group>";
		};
/* End PBXGroup section */

/* Begin PBXLegacyTarget section */
		9DEE9C241B569637003E353E /* a2sudoku */ = {
			isa = PBXLegacyTarget;
			buildArgumentsString = "-C a2sudoku $(ACTION)";
			buildConfigurationList = 9DEE9C331B569638003E353E /* Build configuration list for PBXLegacyTarget "a2sudoku" */;
			buildPhases = (
			);
			buildToolPath = /usr/bin/make;
			dependencies = (
			);
			name = a2sudoku;
			passBuildSettingsInEnvironment = 1;
			productName = a2sudoku;
		};
/* End PBXLegacyTarget section */

/* Begin PBXProject section */
		9DEE9C201B569637003E353E /* Project object */ = {
			isa = PBXProject;
			attributes = {
				LastUpgradeCheck = 0640;
				ORGANIZATIONNAME = "Jeremy Rand";
				TargetAttributes = {
					9DEE9C241B569637003E353E = {
						CreatedOnToolsVersion = 6.4;
					};
				};
			};
			buildConfigurationList = 9DEE9C231B569637003E353E /* Build configuration list for PBXProject "a2sudoku" */;
			compatibilityVersion = "Xcode 3.2";
			developmentRegion = English;
			hasScannedForEncodings = 0;
			knownRegions = (
				en,
			);
			mainGroup = 9DEE9C1F1B569637003E353E;
			projectDirPath = "";
			projectRoot = "";
			targets = (
				9DEE9C241B569637003E353E /* a2sudoku */,
			);
		};
/* End PBXProject section */

/* Begin XCBuildConfiguration section */
		9DEE9C311B569638003E353E /* Debug */ = {
			isa = XCBuildConfiguration;
			buildSettings = {
				ALWAYS_SEARCH_USER_PATHS = NO;
				CLANG_CXX_LANGUAGE_STANDARD = "gnu++0x";
				CLANG_CXX_LIBRARY = "libc++";
				CLANG_ENABLE_MODULES = YES;
				CLANG_ENABLE_OBJC_ARC = YES;
				CLANG_WARN_BOOL_CONVERSION = YES;
				CLANG_WARN_CONSTANT_CONVERSION = YES;
				CLANG_WARN_DIRECT_OBJC_ISA_USAGE = YES_ERROR;
				CLANG_WARN_EMPTY_BODY = YES;
				CLANG_WARN_ENUM_CONVERSION = YES;
				CLANG_WARN_INT_CONVERSION = YES;
				CLANG_WARN_OBJC_ROOT_CLASS = YES_ERROR;
				CLANG_WARN_UNREACHABLE_CODE = YES;
				CLANG_WARN__DUPLICATE_METHOD_MATCH = YES;
				COPY_PHASE_STRIP = NO;
				DEBUG_INFORMATION_FORMAT = dwarf;
				ENABLE_STRICT_OBJC_MSGSEND = YES;
				GCC_C_LANGUAGE_STANDARD = gnu99;
				GCC_DYNAMIC_NO_PIC = NO;
				GCC_NO_COMMON_BLOCKS = YES;
				GCC_OPTIMIZATION_LEVEL = 0;
				GCC_PREPROCESSOR_DEFINITIONS = (
					"DEBUG=1",
					"$(inherited)",
				);
				GCC_SYMBOLS_PRIVATE_EXTERN = NO;
				GCC_WARN_64_TO_32_BIT_CONVERSION = YES;
				GCC_WARN_ABOUT_RETURN_TYPE = YES_ERROR;
				GCC_WARN_UNDECLARED_SELECTOR = YES;
				GCC_WARN_UNINITIALIZED_AUTOS = YES_AGGRESSIVE;
				GCC_WARN_UNUSED_FUNCTION = YES;
				GCC_WARN_UNUSED_VARIABLE = YES;
				MACOSX_DEPLOYMENT_TARGET = 10.10;
				MTL_ENABLE_DEBUG_INFO = YES;
				ONLY_ACTIVE_ARCH = YES;
				SDKROOT = macosx;
			};
			name = Debug;
		};
		9DEE9C321B569638003E353E /* Release */ = {
			isa = XCBuildConfiguration;
			buildSettings = {
				ALWAYS_SEARCH_USER_PATHS = NO;
				CLANG_CXX_LANGUAGE_STANDARD = "gnu++0x";
				CLANG_CXX_LIBRARY = "libc++";
				CLANG_ENABLE_MODULES = YES;
				CLANG_ENABLE_OBJC_ARC = YES;
				CLANG_WARN_BOOL_CONVERSION = YES;
				CLANG_WARN_CONSTANT_CONVERSION = YES;
				CLANG_WARN_DIRECT_OBJC_ISA_USAGE = YES_ERROR;
				CLANG_WARN_EMPTY_BODY = YES;
				CLANG_WARN_ENUM_CONVERSION = YES;
				CLANG_WARN_INT_CONVERSION = YES;
				CLANG_WARN_OBJC_ROOT_CLASS = YES_ERROR;
				CLANG_WARN_UNREACHABLE_CODE = YES;
				CLANG_WARN__DUPLICATE_METHOD_MATCH = YES;
				COPY_PHASE_STRIP = NO;
				DEBUG_INFORMATION_FORMAT = "dwarf-with-dsym";
				ENABLE_NS_ASSERTIONS = NO;
				ENABLE_STRICT_OBJC_MSGSEND = YES;
				GCC_C_LANGUAGE_STANDARD = gnu99;
				GCC_NO_COMMON_BLOCKS = YES;
				GCC_WARN_64_TO_32_BIT_CONVERSION = YES;
				GCC_WARN_ABOUT_RETURN_TYPE = YES_ERROR;
				GCC_WARN_UNDECLARED_SELECTOR = YES;
				GCC_WARN_UNINITIALIZED_AUTOS = YES_AGGRESSIVE;
				GCC_WARN_UNUSED_FUNCTION = YES;
				GCC_WARN_UNUSED_VARIABLE = YES;
				MACOSX_DEPLOYMENT_TARGET = 10.10;
				MTL_ENABLE_DEBUG_INFO = NO;
				SDKROOT = macosx;
			};
			name = Release;
		};
		9DEE9C341B569638003E353E /* Debug */ = {
			isa = XCBuildConfiguration;
			buildSettings = {
				DEBUGGING_SYMBOLS = YES;
				GCC_GENERATE_DEBUGGING_SYMBOLS = YES;
				GCC_OPTIMIZATION_LEVEL = 0;
				OTHER_CFLAGS = "";
				OTHER_LDFLAGS = "";
				PRODUCT_NAME = "$(TARGET_NAME)";
			};
			name = Debug;
		};
		9DEE9C351B569638003E353E /* Release */ = {
			isa = XCBuildConfiguration;
			buildSettings = {
				OTHER_CFLAGS = "";
				OTHER_LDFLAGS = "";
				PRODUCT_NAME = "$(TARGET_NAME)";
			};
			name = Release;
		};
/* End XCBuildConfiguration section */

/* Begin XCConfigurationList section */
		9DEE9C231B569637003E353E /* Build configuration list for PBXProject "a2sudoku" */ = {
			isa = XCConfigurationList;
			buildConfigurations = (
				9DEE9C311B569638003E353E /* Debug */,
				9DEE9C321B569638003E353E /* Release */,
			);
			defaultConfigurationIsVisible = 0;
			defaultConfigurationName = Release;
		};
		9DEE9C331B569638003E353E /* Build configuration list for PBXLegacyTarget "a2sudoku" */ = {
			isa = XCConfigurationList;
			buildConfigurations = (
				9DEE9C341B569638003E353E /* Debug */,
				9DEE9C351B569638003E353E /* Release */,
			);
			defaultConfigurationIsVisible = 0;
			defaultConfigurationName = Release;
		};
/* End XCConfigurationList section */
	};
	rootObject = 9DEE9C201B569637003E353E /* Project object */;
}
